
Microsoft Visual Studio Solution File, Format Version 12.00
# Visual Studio Version 17
VisualStudioVersion = 17.8.34408.163
MinimumVisualStudioVersion = 10.0.40219.1
Project("{FAE04EC0-301F-11D3-BF4B-00C04F79EFBC}") = "Projet_Gestion_des_Evenements", "Projet_Gestion_des_Evenements\Projet_Gestion_des_Evenements.csproj", "{E3E4EEB3-4280-4EC8-B5B0-D67582158B57}"
EndProject
Global
	GlobalSection(SolutionConfigurationPlatforms) = preSolution
		Debug|Any CPU = Debug|Any CPU
		Release|Any CPU = Release|Any CPU
	EndGlobalSection
	GlobalSection(ProjectConfigurationPlatforms) = postSolution
		{E3E4EEB3-4280-4EC8-B5B0-D67582158B57}.Debug|Any CPU.ActiveCfg = Debug|Any CPU
		{E3E4EEB3-4280-4EC8-B5B0-D67582158B57}.Debug|Any CPU.Build.0 = Debug|Any CPU
		{E3E4EEB3-4280-4EC8-B5B0-D67582158B57}.Release|Any CPU.ActiveCfg = Release|Any CPU
		{E3E4EEB3-4280-4EC8-B5B0-D67582158B57}.Release|Any CPU.Build.0 = Release|Any CPU
	EndGlobalSection
	GlobalSection(SolutionProperties) = preSolution
		HideSolutionNode = FALSE
	EndGlobalSection
	GlobalSection(ExtensibilityGlobals) = postSolution
		SolutionGuid = {3A8B2BD7-684D-40B1-8266-7CA872A5D742}
	EndGlobalSection
EndGlobal
